{
  "name": "uni-admin 基础框架（原名 uniCloud admin）",
  "version": "2.5.13",
  "lockfileVersion": 3,
  "requires": true,
  "packages": {
    "": {
      "name": "uni-admin 基础框架（原名 uniCloud admin）",
      "version": "2.5.13",
      "license": "MIT",
      "dependencies": {
        "dayjs": "^1.11.19"
      },
      "engines": {
        "HBuilderX": "^3.6.0",
        "uni-app": "^4.36",
        "uni-app-x": ""
      }
    },
    "node_modules/dayjs": {
      "version": "1.11.19",
      "resolved": "https://registry.npmjs.org/dayjs/-/dayjs-1.11.19.tgz",
      "integrity": "sha512-t5EcLVS6QPBNqM2z8fakk/NKel+Xzshgt8FFKAn+qwlD1pzZWxh0nVCrvFK7ZDb6XucZeF9z8C7CBWTRIVApAw==",
      "license": "MIT"
    }
  }
}
